
Microsoft Visual Studio Solution File, Format Version 12.00
# Visual Studio Version 16
VisualStudioVersion = 16.0.31019.35
MinimumVisualStudioVersion = 10.0.40219.1
Project("{2150E333-8FDC-42A3-9474-1A3956D46DE8}") = "src", "src", "{6081C1F6-449F-4B5D-87BE-83596D7D25DF}"
EndProject
Project("{9A19103F-16F7-4668-BE54-9A1E7A4F7556}") = "Serials", "src\Serials\Serials.csproj", "{C71A4138-9E44-4484-BCBC-AFED7E9CA652}"
EndProject
Project("{2150E333-8FDC-42A3-9474-1A3956D46DE8}") = "tests", "tests", "{5E3C5889-4B59-48B7-B880-FB2803FAE759}"
EndProject
Project("{9A19103F-16F7-4668-BE54-9A1E7A4F7556}") = "SerialsTests", "tests\SerialsTests\SerialsTests.csproj", "{74B2BDDE-9428-433F-B01E-5F73D330E96E}"
EndProject
Project("{2150E333-8FDC-42A3-9474-1A3956D46DE8}") = "Solution Items", "Solution Items", "{C9B33412-370C-4483-A79A-8FA3E5876E93}"
	ProjectSection(SolutionItems) = preProject
		README.md = README.md
	EndProjectSection
EndProject
Global
	GlobalSection(SolutionConfigurationPlatforms) = preSolution
		Debug|Any CPU = Debug|Any CPU
		Release|Any CPU = Release|Any CPU
	EndGlobalSection
	GlobalSection(ProjectConfigurationPlatforms) = postSolution
		{C71A4138-9E44-4484-BCBC-AFED7E9CA652}.Debug|Any CPU.ActiveCfg = Debug|Any CPU
		{C71A4138-9E44-4484-BCBC-AFED7E9CA652}.Debug|Any CPU.Build.0 = Debug|Any CPU
		{C71A4138-9E44-4484-BCBC-AFED7E9CA652}.Release|Any CPU.ActiveCfg = Release|Any CPU
		{C71A4138-9E44-4484-BCBC-AFED7E9CA652}.Release|Any CPU.Build.0 = Release|Any CPU
		{74B2BDDE-9428-433F-B01E-5F73D330E96E}.Debug|Any CPU.ActiveCfg = Debug|Any CPU
		{74B2BDDE-9428-433F-B01E-5F73D330E96E}.Debug|Any CPU.Build.0 = Debug|Any CPU
		{74B2BDDE-9428-433F-B01E-5F73D330E96E}.Release|Any CPU.ActiveCfg = Release|Any CPU
		{74B2BDDE-9428-433F-B01E-5F73D330E96E}.Release|Any CPU.Build.0 = Release|Any CPU
	EndGlobalSection
	GlobalSection(SolutionProperties) = preSolution
		HideSolutionNode = FALSE
	EndGlobalSection
	GlobalSection(NestedProjects) = preSolution
		{C71A4138-9E44-4484-BCBC-AFED7E9CA652} = {6081C1F6-449F-4B5D-87BE-83596D7D25DF}
		{74B2BDDE-9428-433F-B01E-5F73D330E96E} = {5E3C5889-4B59-48B7-B880-FB2803FAE759}
	EndGlobalSection
	GlobalSection(ExtensibilityGlobals) = postSolution
		SolutionGuid = {A4130559-A2B1-4400-B262-31D2C69C4A81}
	EndGlobalSection
EndGlobal
